
Microsoft Visual Studio Solution File, Format Version 12.00
# Visual Studio 2012
Project("{8BC9CEB8-8B4A-11D0-8D11-00A0C91BC942}") = "HW4 11.9", "HW4 11.9\HW4 11.9.vcxproj", "{31953AE2-D345-483C-B53A-1445814576F2}"
EndProject
Global
	GlobalSection(SolutionConfigurationPlatforms) = preSolution
		Debug|Win32 = Debug|Win32
		Release|Win32 = Release|Win32
	EndGlobalSection
	GlobalSection(ProjectConfigurationPlatforms) = postSolution
		{31953AE2-D345-483C-B53A-1445814576F2}.Debug|Win32.ActiveCfg = Debug|Win32
		{31953AE2-D345-483C-B53A-1445814576F2}.Debug|Win32.Build.0 = Debug|Win32
		{31953AE2-D345-483C-B53A-1445814576F2}.Release|Win32.ActiveCfg = Release|Win32
		{31953AE2-D345-483C-B53A-1445814576F2}.Release|Win32.Build.0 = Release|Win32
	EndGlobalSection
	GlobalSection(SolutionProperties) = preSolution
		HideSolutionNode = FALSE
	EndGlobalSection
EndGlobal
